// !$*UTF8*$!
{
	archiveVersion = 1;
	classes = {
	};
	objectVersion = 46;
	objects = {

/* Begin PBXBuildFile section */
		0282D2EB24C34EE082AAA472 /* CDVReachability.m in Sources */ = {isa = PBXBuildFile; fileRef = 99DAEE4661644E7DB30770C3 /* CDVReachability.m */; };
		079BF32033824A83B2C36775 /* CDVLogger.m in Sources */ = {isa = PBXBuildFile; fileRef = 4A7247F78513453DA57E9868 /* CDVLogger.m */; };
		1D3623260D0F684500981E51 /* AppDelegate.m in Sources */ = {isa = PBXBuildFile; fileRef = 1D3623250D0F684500981E51 /* AppDelegate.m */; };
		1D60589B0D05DD56006BFB54 /* main.m in Sources */ = {isa = PBXBuildFile; fileRef = 29B97316FDCFA39411CA2CEA /* main.m */; };
		26D8EAC9B22F4F839843E368 /* CDVConnection.m in Sources */ = {isa = PBXBuildFile; fileRef = 9D6A250D813B46D7BBB237AD /* CDVConnection.m */; };
		28046F8FFF544347853CD9F6 /* libz.dylib in Frameworks */ = {isa = PBXBuildFile; fileRef = DF7B2B95A7D74F9D9E5EF14D /* libz.dylib */; };
		288765FD0DF74451002DB57D /* CoreGraphics.framework in Frameworks */ = {isa = PBXBuildFile; fileRef = 288765FC0DF74451002DB57D /* CoreGraphics.framework */; };
		2DA79DD424AD4D1EB6CA4366 /* AudioToolbox.framework in Frameworks */ = {isa = PBXBuildFile; fileRef = A9069E00F7C64451ADFC51ED /* AudioToolbox.framework */; settings = {ATTRIBUTES = (Weak, ); }; };
		2FF9B84BC70546BDBE034FE3 /* GoogleAnalyticsPlugin.m in Sources */ = {isa = PBXBuildFile; fileRef = C4746C3BE6B74FB896258696 /* GoogleAnalyticsPlugin.m */; };
		301BF552109A68D80062928A /* libCordova.a in Frameworks */ = {isa = PBXBuildFile; fileRef = 301BF535109A57CC0062928A /* libCordova.a */; };
		302D95F114D2391D003F00A1 /* MainViewController.m in Sources */ = {isa = PBXBuildFile; fileRef = 302D95EF14D2391D003F00A1 /* MainViewController.m */; };
		302D95F214D2391D003F00A1 /* MainViewController.xib in Resources */ = {isa = PBXBuildFile; fileRef = 302D95F014D2391D003F00A1 /* MainViewController.xib */; };
		305D5FD1115AB8F900A74A75 /* MobileCoreServices.framework in Frameworks */ = {isa = PBXBuildFile; fileRef = 305D5FD0115AB8F900A74A75 /* MobileCoreServices.framework */; };
		3088BBBD154F3926009F9C59 /* Default-Landscape@2x~ipad.png in Resources */ = {isa = PBXBuildFile; fileRef = 3088BBB7154F3926009F9C59 /* Default-Landscape@2x~ipad.png */; };
		3088BBBE154F3926009F9C59 /* Default-Landscape~ipad.png in Resources */ = {isa = PBXBuildFile; fileRef = 3088BBB8154F3926009F9C59 /* Default-Landscape~ipad.png */; };
		3088BBBF154F3926009F9C59 /* Default-Portrait@2x~ipad.png in Resources */ = {isa = PBXBuildFile; fileRef = 3088BBB9154F3926009F9C59 /* Default-Portrait@2x~ipad.png */; };
		3088BBC0154F3926009F9C59 /* Default-Portrait~ipad.png in Resources */ = {isa = PBXBuildFile; fileRef = 3088BBBA154F3926009F9C59 /* Default-Portrait~ipad.png */; };
		3088BBC1154F3926009F9C59 /* Default@2x~iphone.png in Resources */ = {isa = PBXBuildFile; fileRef = 3088BBBB154F3926009F9C59 /* Default@2x~iphone.png */; };
		3088BBC2154F3926009F9C59 /* Default~iphone.png in Resources */ = {isa = PBXBuildFile; fileRef = 3088BBBC154F3926009F9C59 /* Default~iphone.png */; };
		30B4F30019D5E07200D9F7D8 /* Default-667h.png in Resources */ = {isa = PBXBuildFile; fileRef = 30B4F2FD19D5E07200D9F7D8 /* Default-667h.png */; };
		30B4F30119D5E07200D9F7D8 /* Default-736h.png in Resources */ = {isa = PBXBuildFile; fileRef = 30B4F2FE19D5E07200D9F7D8 /* Default-736h.png */; };
		30B4F30219D5E07200D9F7D8 /* Default-Landscape-736h.png in Resources */ = {isa = PBXBuildFile; fileRef = 30B4F2FF19D5E07200D9F7D8 /* Default-Landscape-736h.png */; };
		34DF9AC253FD46E9BB61047D /* CDVDevice.m in Sources */ = {isa = PBXBuildFile; fileRef = B65388374252493E91BA82B6 /* CDVDevice.m */; };
		37B026086F0F48C995D756D4 /* CDVVibration.m in Sources */ = {isa = PBXBuildFile; fileRef = 7B7EAD928C9C450E80607C59 /* CDVVibration.m */; };
		4A306F23AB2A4F34B6A1401F /* CDVNotification.m in Sources */ = {isa = PBXBuildFile; fileRef = 6767F38461A94B959F38E32A /* CDVNotification.m */; };
		4AD383B21BA944CAB7565112 /* SystemConfiguration.framework in Frameworks */ = {isa = PBXBuildFile; fileRef = 7678C9D1D21145B1A18CDB6A /* SystemConfiguration.framework */; };
		5B1594DD16A7569C00FEF299 /* AssetsLibrary.framework in Frameworks */ = {isa = PBXBuildFile; fileRef = 5B1594DC16A7569C00FEF299 /* AssetsLibrary.framework */; };
		6316E55E1BAA4C4A00D16BF4 /* Images.xcassets in Resources */ = {isa = PBXBuildFile; fileRef = 6316E55D1BAA4C4A00D16BF4 /* Images.xcassets */; };
		6316E5711BAA4E6800D16BF4 /* icon-40.png in Resources */ = {isa = PBXBuildFile; fileRef = 6316E55F1BAA4E6800D16BF4 /* icon-40.png */; };
		6316E5721BAA4E6800D16BF4 /* icon-40@2x.png in Resources */ = {isa = PBXBuildFile; fileRef = 6316E5601BAA4E6800D16BF4 /* icon-40@2x.png */; };
		6316E5731BAA4E6800D16BF4 /* icon-40@3x.png in Resources */ = {isa = PBXBuildFile; fileRef = 6316E5611BAA4E6800D16BF4 /* icon-40@3x.png */; };
		6316E5741BAA4E6800D16BF4 /* icon-50.png in Resources */ = {isa = PBXBuildFile; fileRef = 6316E5621BAA4E6800D16BF4 /* icon-50.png */; };
		6316E5751BAA4E6800D16BF4 /* icon-50@2x.png in Resources */ = {isa = PBXBuildFile; fileRef = 6316E5631BAA4E6800D16BF4 /* icon-50@2x.png */; };
		6316E5771BAA4E6800D16BF4 /* icon-60.png in Resources */ = {isa = PBXBuildFile; fileRef = 6316E5651BAA4E6800D16BF4 /* icon-60.png */; };
		6316E5781BAA4E6800D16BF4 /* icon-60@2x.png in Resources */ = {isa = PBXBuildFile; fileRef = 6316E5661BAA4E6800D16BF4 /* icon-60@2x.png */; };
		6316E5791BAA4E6800D16BF4 /* icon-60@3x.png in Resources */ = {isa = PBXBuildFile; fileRef = 6316E5671BAA4E6800D16BF4 /* icon-60@3x.png */; };
		6316E57A1BAA4E6800D16BF4 /* icon-72.png in Resources */ = {isa = PBXBuildFile; fileRef = 6316E5681BAA4E6800D16BF4 /* icon-72.png */; };
		6316E57B1BAA4E6800D16BF4 /* icon-72@2x.png in Resources */ = {isa = PBXBuildFile; fileRef = 6316E5691BAA4E6800D16BF4 /* icon-72@2x.png */; };
		6316E57C1BAA4E6800D16BF4 /* icon-76.png in Resources */ = {isa = PBXBuildFile; fileRef = 6316E56A1BAA4E6800D16BF4 /* icon-76.png */; };
		6316E57D1BAA4E6800D16BF4 /* icon-76@2x.png in Resources */ = {isa = PBXBuildFile; fileRef = 6316E56B1BAA4E6800D16BF4 /* icon-76@2x.png */; };
		6316E57E1BAA4E6800D16BF4 /* icon-Small.png in Resources */ = {isa = PBXBuildFile; fileRef = 6316E56C1BAA4E6800D16BF4 /* icon-Small.png */; };
		6316E57F1BAA4E6800D16BF4 /* icon-Small@2x.png in Resources */ = {isa = PBXBuildFile; fileRef = 6316E56D1BAA4E6800D16BF4 /* icon-Small@2x.png */; };
		6316E5801BAA4E6800D16BF4 /* icon-Small@3x.png in Resources */ = {isa = PBXBuildFile; fileRef = 6316E56E1BAA4E6800D16BF4 /* icon-Small@3x.png */; };
		6316E5811BAA4E6800D16BF4 /* icon.png in Resources */ = {isa = PBXBuildFile; fileRef = 6316E56F1BAA4E6800D16BF4 /* icon.png */; };
		6316E5821BAA4E6800D16BF4 /* icon@2x.png in Resources */ = {isa = PBXBuildFile; fileRef = 6316E5701BAA4E6800D16BF4 /* icon@2x.png */; };
		93719A9C05FA4171A5B78035 /* libGoogleAnalyticsServices.a in Frameworks */ = {isa = PBXBuildFile; fileRef = A65756DE986347E1A97F342B /* libGoogleAnalyticsServices.a */; };
		AED89187A03D414DBD8D7829 /* libsqlite3.dylib in Frameworks */ = {isa = PBXBuildFile; fileRef = 12D7A15EC4D448D7BF4A90FA /* libsqlite3.dylib */; };
		D4A0D8761607E02300AEF8BB /* Default-568h@2x~iphone.png in Resources */ = {isa = PBXBuildFile; fileRef = D4A0D8751607E02300AEF8BB /* Default-568h@2x~iphone.png */; };
		E3AE3587A6DC4E3EABDFFA48 /* CDVNotification.bundle in Resources */ = {isa = PBXBuildFile; fileRef = AC0FF5AA59C54941B9AC5F8A /* CDVNotification.bundle */; };
		EE916CEF2BC34C4A94D8A58F /* CoreData.framework in Frameworks */ = {isa = PBXBuildFile; fileRef = 2A21F8B708374BF78B4E9D95 /* CoreData.framework */; };
		F5B4C006A47E4AEE99046465 /* APPLocalNotification.m in Sources */ = {isa = PBXBuildFile; fileRef = 2C288C3B20294DB1A50D5CDD /* APPLocalNotification.m */; };
/* End PBXBuildFile section */

/* Begin PBXContainerItemProxy section */
		301BF534109A57CC0062928A /* PBXContainerItemProxy */ = {
			isa = PBXContainerItemProxy;
			containerPortal = 301BF52D109A57CC0062928A /* CordovaLib.xcodeproj */;
			proxyType = 2;
			remoteGlobalIDString = D2AAC07E0554694100DB518D;
			remoteInfo = CordovaLib;
		};
		301BF550109A68C00062928A /* PBXContainerItemProxy */ = {
			isa = PBXContainerItemProxy;
			containerPortal = 301BF52D109A57CC0062928A /* CordovaLib.xcodeproj */;
			proxyType = 1;
			remoteGlobalIDString = D2AAC07D0554694100DB518D;
			remoteInfo = CordovaLib;
		};
/* End PBXContainerItemProxy section */

/* Begin PBXFileReference section */
		02FA612CA91C44A2B6A1A6D6 /* GAI.h */ = {isa = PBXFileReference; fileEncoding = 4; lastKnownFileType = sourcecode.c.h; name = GAI.h; path = com.cmackay.plugins.googleanalytics/GAI.h; sourceTree = "<group>"; };
		12D7A15EC4D448D7BF4A90FA /* libsqlite3.dylib */ = {isa = PBXFileReference; fileEncoding = 4; lastKnownFileType = "compiled.mach-o.dylib"; name = libsqlite3.dylib; path = usr/lib/libsqlite3.dylib; sourceTree = SDKROOT; };
		180AD028DC5940BB8C2EBBB6 /* APPLocalNotification.h */ = {isa = PBXFileReference; fileEncoding = 4; lastKnownFileType = sourcecode.c.h; name = APPLocalNotification.h; path = "de.appplant.cordova.plugin.local-notification/APPLocalNotification.h"; sourceTree = "<group>"; };
		1D3623240D0F684500981E51 /* AppDelegate.h */ = {isa = PBXFileReference; fileEncoding = 4; lastKnownFileType = sourcecode.c.h; path = AppDelegate.h; sourceTree = "<group>"; };
		1D3623250D0F684500981E51 /* AppDelegate.m */ = {isa = PBXFileReference; fileEncoding = 4; lastKnownFileType = sourcecode.c.objc; path = AppDelegate.m; sourceTree = "<group>"; };
		1D6058910D05DD3D006BFB54 /* Femiapp.app */ = {isa = PBXFileReference; explicitFileType = wrapper.application; includeInIndex = 0; path = Femiapp.app; sourceTree = BUILT_PRODUCTS_DIR; };
		20B77B857B154298A7081F5D /* CDVReachability.h */ = {isa = PBXFileReference; fileEncoding = 4; lastKnownFileType = sourcecode.c.h; name = CDVReachability.h; path = "org.apache.cordova.network-information/CDVReachability.h"; sourceTree = "<group>"; };
		24C90B760DBA4F5BA70A3856 /* GAILogger.h */ = {isa = PBXFileReference; fileEncoding = 4; lastKnownFileType = sourcecode.c.h; name = GAILogger.h; path = com.cmackay.plugins.googleanalytics/GAILogger.h; sourceTree = "<group>"; };
		288765FC0DF74451002DB57D /* CoreGraphics.framework */ = {isa = PBXFileReference; lastKnownFileType = wrapper.framework; name = CoreGraphics.framework; path = System/Library/Frameworks/CoreGraphics.framework; sourceTree = SDKROOT; };
		29B97316FDCFA39411CA2CEA /* main.m */ = {isa = PBXFileReference; fileEncoding = 4; lastKnownFileType = sourcecode.c.objc; path = main.m; sourceTree = "<group>"; };
		2A21F8B708374BF78B4E9D95 /* CoreData.framework */ = {isa = PBXFileReference; fileEncoding = 4; lastKnownFileType = wrapper.framework; name = CoreData.framework; path = System/Library/Frameworks/CoreData.framework; sourceTree = SDKROOT; };
		2C288C3B20294DB1A50D5CDD /* APPLocalNotification.m */ = {isa = PBXFileReference; fileEncoding = 4; lastKnownFileType = sourcecode.c.objc; name = APPLocalNotification.m; path = "de.appplant.cordova.plugin.local-notification/APPLocalNotification.m"; sourceTree = "<group>"; };
		301BF52D109A57CC0062928A /* CordovaLib.xcodeproj */ = {isa = PBXFileReference; lastKnownFileType = "wrapper.pb-project"; name = CordovaLib.xcodeproj; path = CordovaLib/CordovaLib.xcodeproj; sourceTree = "<group>"; };
		301BF56E109A69640062928A /* www */ = {isa = PBXFileReference; lastKnownFileType = folder; path = www; sourceTree = SOURCE_ROOT; };
		302D95EE14D2391D003F00A1 /* MainViewController.h */ = {isa = PBXFileReference; fileEncoding = 4; lastKnownFileType = sourcecode.c.h; path = MainViewController.h; sourceTree = "<group>"; };
		302D95EF14D2391D003F00A1 /* MainViewController.m */ = {isa = PBXFileReference; fileEncoding = 4; lastKnownFileType = sourcecode.c.objc; path = MainViewController.m; sourceTree = "<group>"; };
		302D95F014D2391D003F00A1 /* MainViewController.xib */ = {isa = PBXFileReference; fileEncoding = 4; lastKnownFileType = file.xib; path = MainViewController.xib; sourceTree = "<group>"; };
		305D5FD0115AB8F900A74A75 /* MobileCoreServices.framework */ = {isa = PBXFileReference; lastKnownFileType = wrapper.framework; name = MobileCoreServices.framework; path = System/Library/Frameworks/MobileCoreServices.framework; sourceTree = SDKROOT; };
		3088BBB7154F3926009F9C59 /* Default-Landscape@2x~ipad.png */ = {isa = PBXFileReference; lastKnownFileType = image.png; path = "Default-Landscape@2x~ipad.png"; sourceTree = "<group>"; };
		3088BBB8154F3926009F9C59 /* Default-Landscape~ipad.png */ = {isa = PBXFileReference; lastKnownFileType = image.png; path = "Default-Landscape~ipad.png"; sourceTree = "<group>"; };
		3088BBB9154F3926009F9C59 /* Default-Portrait@2x~ipad.png */ = {isa = PBXFileReference; lastKnownFileType = image.png; path = "Default-Portrait@2x~ipad.png"; sourceTree = "<group>"; };
		3088BBBA154F3926009F9C59 /* Default-Portrait~ipad.png */ = {isa = PBXFileReference; lastKnownFileType = image.png; path = "Default-Portrait~ipad.png"; sourceTree = "<group>"; };
		3088BBBB154F3926009F9C59 /* Default@2x~iphone.png */ = {isa = PBXFileReference; lastKnownFileType = image.png; path = "Default@2x~iphone.png"; sourceTree = "<group>"; };
		3088BBBC154F3926009F9C59 /* Default~iphone.png */ = {isa = PBXFileReference; lastKnownFileType = image.png; path = "Default~iphone.png"; sourceTree = "<group>"; };
		30B4F2FD19D5E07200D9F7D8 /* Default-667h.png */ = {isa = PBXFileReference; lastKnownFileType = image.png; path = "Default-667h.png"; sourceTree = "<group>"; };
		30B4F2FE19D5E07200D9F7D8 /* Default-736h.png */ = {isa = PBXFileReference; lastKnownFileType = image.png; path = "Default-736h.png"; sourceTree = "<group>"; };
		30B4F2FF19D5E07200D9F7D8 /* Default-Landscape-736h.png */ = {isa = PBXFileReference; lastKnownFileType = image.png; path = "Default-Landscape-736h.png"; sourceTree = "<group>"; };
		32CA4F630368D1EE00C91783 /* Femiapp-Prefix.pch */ = {isa = PBXFileReference; fileEncoding = 4; lastKnownFileType = sourcecode.c.h; path = "Femiapp-Prefix.pch"; sourceTree = "<group>"; };
		338928D798AD4A0F87270052 /* CDVDevice.h */ = {isa = PBXFileReference; fileEncoding = 4; lastKnownFileType = sourcecode.c.h; name = CDVDevice.h; path = org.apache.cordova.device/CDVDevice.h; sourceTree = "<group>"; };
		3DEF77C15088442D8E35EC52 /* CDVVibration.h */ = {isa = PBXFileReference; fileEncoding = 4; lastKnownFileType = sourcecode.c.h; name = CDVVibration.h; path = org.apache.cordova.vibration/CDVVibration.h; sourceTree = "<group>"; };
		4A7247F78513453DA57E9868 /* CDVLogger.m */ = {isa = PBXFileReference; fileEncoding = 4; lastKnownFileType = sourcecode.c.objc; name = CDVLogger.m; path = org.apache.cordova.console/CDVLogger.m; sourceTree = "<group>"; };
		5B1594DC16A7569C00FEF299 /* AssetsLibrary.framework */ = {isa = PBXFileReference; lastKnownFileType = wrapper.framework; name = AssetsLibrary.framework; path = System/Library/Frameworks/AssetsLibrary.framework; sourceTree = SDKROOT; };
		5C7A1617CF73439EA5C851FD /* GoogleAnalyticsPlugin.h */ = {isa = PBXFileReference; fileEncoding = 4; lastKnownFileType = sourcecode.c.h; name = GoogleAnalyticsPlugin.h; path = com.cmackay.plugins.googleanalytics/GoogleAnalyticsPlugin.h; sourceTree = "<group>"; };
		611B2B278D5046D5BCB4654A /* CDVNotification.h */ = {isa = PBXFileReference; fileEncoding = 4; lastKnownFileType = sourcecode.c.h; name = CDVNotification.h; path = org.apache.cordova.dialogs/CDVNotification.h; sourceTree = "<group>"; };
		6316E55D1BAA4C4A00D16BF4 /* Images.xcassets */ = {isa = PBXFileReference; lastKnownFileType = folder.assetcatalog; name = Images.xcassets; path = Femiapp/Images.xcassets; sourceTree = SOURCE_ROOT; };
		6316E55F1BAA4E6800D16BF4 /* icon-40.png */ = {isa = PBXFileReference; lastKnownFileType = image.png; path = "icon-40.png"; sourceTree = "<group>"; };
		6316E5601BAA4E6800D16BF4 /* icon-40@2x.png */ = {isa = PBXFileReference; lastKnownFileType = image.png; path = "icon-40@2x.png"; sourceTree = "<group>"; };
		6316E5611BAA4E6800D16BF4 /* icon-40@3x.png */ = {isa = PBXFileReference; lastKnownFileType = image.png; path = "icon-40@3x.png"; sourceTree = "<group>"; };
		6316E5621BAA4E6800D16BF4 /* icon-50.png */ = {isa = PBXFileReference; lastKnownFileType = image.png; path = "icon-50.png"; sourceTree = "<group>"; };
		6316E5631BAA4E6800D16BF4 /* icon-50@2x.png */ = {isa = PBXFileReference; lastKnownFileType = image.png; path = "icon-50@2x.png"; sourceTree = "<group>"; };
		6316E5651BAA4E6800D16BF4 /* icon-60.png */ = {isa = PBXFileReference; lastKnownFileType = image.png; path = "icon-60.png"; sourceTree = "<group>"; };
		6316E5661BAA4E6800D16BF4 /* icon-60@2x.png */ = {isa = PBXFileReference; lastKnownFileType = image.png; path = "icon-60@2x.png"; sourceTree = "<group>"; };
		6316E5671BAA4E6800D16BF4 /* icon-60@3x.png */ = {isa = PBXFileReference; lastKnownFileType = image.png; path = "icon-60@3x.png"; sourceTree = "<group>"; };
		6316E5681BAA4E6800D16BF4 /* icon-72.png */ = {isa = PBXFileReference; lastKnownFileType = image.png; path = "icon-72.png"; sourceTree = "<group>"; };
		6316E5691BAA4E6800D16BF4 /* icon-72@2x.png */ = {isa = PBXFileReference; lastKnownFileType = image.png; path = "icon-72@2x.png"; sourceTree = "<group>"; };
		6316E56A1BAA4E6800D16BF4 /* icon-76.png */ = {isa = PBXFileReference; lastKnownFileType = image.png; path = "icon-76.png"; sourceTree = "<group>"; };
		6316E56B1BAA4E6800D16BF4 /* icon-76@2x.png */ = {isa = PBXFileReference; lastKnownFileType = image.png; path = "icon-76@2x.png"; sourceTree = "<group>"; };
		6316E56C1BAA4E6800D16BF4 /* icon-Small.png */ = {isa = PBXFileReference; lastKnownFileType = image.png; path = "icon-Small.png"; sourceTree = "<group>"; };
		6316E56D1BAA4E6800D16BF4 /* icon-Small@2x.png */ = {isa = PBXFileReference; lastKnownFileType = image.png; path = "icon-Small@2x.png"; sourceTree = "<group>"; };
		6316E56E1BAA4E6800D16BF4 /* icon-Small@3x.png */ = {isa = PBXFileReference; lastKnownFileType = image.png; path = "icon-Small@3x.png"; sourceTree = "<group>"; };
		6316E56F1BAA4E6800D16BF4 /* icon.png */ = {isa = PBXFileReference; lastKnownFileType = image.png; path = icon.png; sourceTree = "<group>"; };
		6316E5701BAA4E6800D16BF4 /* icon@2x.png */ = {isa = PBXFileReference; lastKnownFileType = image.png; path = "icon@2x.png"; sourceTree = "<group>"; };
		6767F38461A94B959F38E32A /* CDVNotification.m */ = {isa = PBXFileReference; fileEncoding = 4; lastKnownFileType = sourcecode.c.objc; name = CDVNotification.m; path = org.apache.cordova.dialogs/CDVNotification.m; sourceTree = "<group>"; };
		6E9EEFA9028E4C04B1D185E3 /* GAITrackedViewController.h */ = {isa = PBXFileReference; fileEncoding = 4; lastKnownFileType = sourcecode.c.h; name = GAITrackedViewController.h; path = com.cmackay.plugins.googleanalytics/GAITrackedViewController.h; sourceTree = "<group>"; };
		7678C9D1D21145B1A18CDB6A /* SystemConfiguration.framework */ = {isa = PBXFileReference; fileEncoding = 4; lastKnownFileType = wrapper.framework; name = SystemConfiguration.framework; path = System/Library/Frameworks/SystemConfiguration.framework; sourceTree = SDKROOT; };
		7B7EAD928C9C450E80607C59 /* CDVVibration.m */ = {isa = PBXFileReference; fileEncoding = 4; lastKnownFileType = sourcecode.c.objc; name = CDVVibration.m; path = org.apache.cordova.vibration/CDVVibration.m; sourceTree = "<group>"; };
		8D1107310486CEB800E47090 /* Femiapp-Info.plist */ = {isa = PBXFileReference; fileEncoding = 4; lastKnownFileType = text.plist.xml; name = "Femiapp-Info.plist"; path = "../Femiapp-Info.plist"; plistStructureDefinitionIdentifier = "com.apple.xcode.plist.structure-definition.iphone.info-plist"; sourceTree = "<group>"; };
		9198A85055D845A19DC62711 /* CDVLogger.h */ = {isa = PBXFileReference; fileEncoding = 4; lastKnownFileType = sourcecode.c.h; name = CDVLogger.h; path = org.apache.cordova.console/CDVLogger.h; sourceTree = "<group>"; };
		99DAEE4661644E7DB30770C3 /* CDVReachability.m */ = {isa = PBXFileReference; fileEncoding = 4; lastKnownFileType = sourcecode.c.objc; name = CDVReachability.m; path = "org.apache.cordova.network-information/CDVReachability.m"; sourceTree = "<group>"; };
		9D6A250D813B46D7BBB237AD /* CDVConnection.m */ = {isa = PBXFileReference; fileEncoding = 4; lastKnownFileType = sourcecode.c.objc; name = CDVConnection.m; path = "org.apache.cordova.network-information/CDVConnection.m"; sourceTree = "<group>"; };
		A65756DE986347E1A97F342B /* libGoogleAnalyticsServices.a */ = {isa = PBXFileReference; fileEncoding = 4; lastKnownFileType = archive.ar; name = libGoogleAnalyticsServices.a; path = Femiapp/Plugins/com.cmackay.plugins.googleanalytics/libGoogleAnalyticsServices.a; sourceTree = "<group>"; };
		A9069E00F7C64451ADFC51ED /* AudioToolbox.framework */ = {isa = PBXFileReference; fileEncoding = 4; lastKnownFileType = wrapper.framework; name = AudioToolbox.framework; path = System/Library/Frameworks/AudioToolbox.framework; sourceTree = SDKROOT; };
		AA82F7C3D0094460896A1073 /* GAITracker.h */ = {isa = PBXFileReference; fileEncoding = 4; lastKnownFileType = sourcecode.c.h; name = GAITracker.h; path = com.cmackay.plugins.googleanalytics/GAITracker.h; sourceTree = "<group>"; };
		AC0FF5AA59C54941B9AC5F8A /* CDVNotification.bundle */ = {isa = PBXFileReference; lastKnownFileType = "wrapper.plug-in"; path = CDVNotification.bundle; sourceTree = "<group>"; };
		B4B82C845E8E44C88E46CB98 /* GAIDictionaryBuilder.h */ = {isa = PBXFileReference; fileEncoding = 4; lastKnownFileType = sourcecode.c.h; name = GAIDictionaryBuilder.h; path = com.cmackay.plugins.googleanalytics/GAIDictionaryBuilder.h; sourceTree = "<group>"; };
		B65388374252493E91BA82B6 /* CDVDevice.m */ = {isa = PBXFileReference; fileEncoding = 4; lastKnownFileType = sourcecode.c.objc; name = CDVDevice.m; path = org.apache.cordova.device/CDVDevice.m; sourceTree = "<group>"; };
		C25511046F09492291C0181C /* CDVConnection.h */ = {isa = PBXFileReference; fileEncoding = 4; lastKnownFileType = sourcecode.c.h; name = CDVConnection.h; path = "org.apache.cordova.network-information/CDVConnection.h"; sourceTree = "<group>"; };
		C4746C3BE6B74FB896258696 /* GoogleAnalyticsPlugin.m */ = {isa = PBXFileReference; fileEncoding = 4; lastKnownFileType = sourcecode.c.objc; name = GoogleAnalyticsPlugin.m; path = com.cmackay.plugins.googleanalytics/GoogleAnalyticsPlugin.m; sourceTree = "<group>"; };
		D4A0D8751607E02300AEF8BB /* Default-568h@2x~iphone.png */ = {isa = PBXFileReference; lastKnownFileType = image.png; path = "Default-568h@2x~iphone.png"; sourceTree = "<group>"; };
		DD61F82A4E1D4A38A8B33D0E /* GAIFields.h */ = {isa = PBXFileReference; fileEncoding = 4; lastKnownFileType = sourcecode.c.h; name = GAIFields.h; path = com.cmackay.plugins.googleanalytics/GAIFields.h; sourceTree = "<group>"; };
		DF7B2B95A7D74F9D9E5EF14D /* libz.dylib */ = {isa = PBXFileReference; fileEncoding = 4; lastKnownFileType = "compiled.mach-o.dylib"; name = libz.dylib; path = usr/lib/libz.dylib; sourceTree = SDKROOT; };
		EB87FDF21871DA7A0020F90C /* merges */ = {isa = PBXFileReference; lastKnownFileType = folder; name = merges; path = ../../merges; sourceTree = "<group>"; };
		EB87FDF31871DA8E0020F90C /* www */ = {isa = PBXFileReference; lastKnownFileType = folder; name = www; path = ../../www; sourceTree = "<group>"; };
		EB87FDF41871DAF40020F90C /* config.xml */ = {isa = PBXFileReference; lastKnownFileType = text.xml; name = config.xml; path = ../../config.xml; sourceTree = "<group>"; };
		F840E1F0165FE0F500CFE078 /* config.xml */ = {isa = PBXFileReference; lastKnownFileType = text.xml; name = config.xml; path = Femiapp/config.xml; sourceTree = "<group>"; };
/* End PBXFileReference section */

/* Begin PBXFrameworksBuildPhase section */
		1D60588F0D05DD3D006BFB54 /* Frameworks */ = {
			isa = PBXFrameworksBuildPhase;
			buildActionMask = 2147483647;
			files = (
				5B1594DD16A7569C00FEF299 /* AssetsLibrary.framework in Frameworks */,
				301BF552109A68D80062928A /* libCordova.a in Frameworks */,
				288765FD0DF74451002DB57D /* CoreGraphics.framework in Frameworks */,
				305D5FD1115AB8F900A74A75 /* MobileCoreServices.framework in Frameworks */,
				93719A9C05FA4171A5B78035 /* libGoogleAnalyticsServices.a in Frameworks */,
				4AD383B21BA944CAB7565112 /* SystemConfiguration.framework in Frameworks */,
				EE916CEF2BC34C4A94D8A58F /* CoreData.framework in Frameworks */,
				AED89187A03D414DBD8D7829 /* libsqlite3.dylib in Frameworks */,
				28046F8FFF544347853CD9F6 /* libz.dylib in Frameworks */,
				2DA79DD424AD4D1EB6CA4366 /* AudioToolbox.framework in Frameworks */,
			);
			runOnlyForDeploymentPostprocessing = 0;
		};
/* End PBXFrameworksBuildPhase section */

/* Begin PBXGroup section */
		080E96DDFE201D6D7F000001 /* Classes */ = {
			isa = PBXGroup;
			children = (
				302D95EE14D2391D003F00A1 /* MainViewController.h */,
				302D95EF14D2391D003F00A1 /* MainViewController.m */,
				302D95F014D2391D003F00A1 /* MainViewController.xib */,
				1D3623240D0F684500981E51 /* AppDelegate.h */,
				1D3623250D0F684500981E51 /* AppDelegate.m */,
			);
			name = Classes;
			path = Femiapp/Classes;
			sourceTree = SOURCE_ROOT;
		};
		19C28FACFE9D520D11CA2CBB /* Products */ = {
			isa = PBXGroup;
			children = (
				1D6058910D05DD3D006BFB54 /* Femiapp.app */,
			);
			name = Products;
			sourceTree = "<group>";
		};
		29B97314FDCFA39411CA2CEA /* CustomTemplate */ = {
			isa = PBXGroup;
			children = (
				EB87FDF41871DAF40020F90C /* config.xml */,
				EB87FDF31871DA8E0020F90C /* www */,
				EB87FDF21871DA7A0020F90C /* merges */,
				EB87FDF11871DA420020F90C /* Staging */,
				301BF52D109A57CC0062928A /* CordovaLib.xcodeproj */,
				080E96DDFE201D6D7F000001 /* Classes */,
				307C750510C5A3420062BCA9 /* Plugins */,
				29B97315FDCFA39411CA2CEA /* Other Sources */,
				29B97317FDCFA39411CA2CEA /* Resources */,
				29B97323FDCFA39411CA2CEA /* Frameworks */,
				19C28FACFE9D520D11CA2CBB /* Products */,
			);
			name = CustomTemplate;
			sourceTree = "<group>";
		};
		29B97315FDCFA39411CA2CEA /* Other Sources */ = {
			isa = PBXGroup;
			children = (
				32CA4F630368D1EE00C91783 /* Femiapp-Prefix.pch */,
				29B97316FDCFA39411CA2CEA /* main.m */,
			);
			name = "Other Sources";
			path = Femiapp;
			sourceTree = "<group>";
		};
		29B97317FDCFA39411CA2CEA /* Resources */ = {
			isa = PBXGroup;
			children = (
				6316E55D1BAA4C4A00D16BF4 /* Images.xcassets */,
				308D052D1370CCF300D202BF /* icons */,
				308D05311370CCF300D202BF /* splash */,
				8D1107310486CEB800E47090 /* Femiapp-Info.plist */,
				AC0FF5AA59C54941B9AC5F8A /* CDVNotification.bundle */,
			);
			name = Resources;
			path = Femiapp/Resources;
			sourceTree = "<group>";
		};
		29B97323FDCFA39411CA2CEA /* Frameworks */ = {
			isa = PBXGroup;
			children = (
				5B1594DC16A7569C00FEF299 /* AssetsLibrary.framework */,
				288765FC0DF74451002DB57D /* CoreGraphics.framework */,
				305D5FD0115AB8F900A74A75 /* MobileCoreServices.framework */,
				A65756DE986347E1A97F342B /* libGoogleAnalyticsServices.a */,
				7678C9D1D21145B1A18CDB6A /* SystemConfiguration.framework */,
				2A21F8B708374BF78B4E9D95 /* CoreData.framework */,
				12D7A15EC4D448D7BF4A90FA /* libsqlite3.dylib */,
				DF7B2B95A7D74F9D9E5EF14D /* libz.dylib */,
				A9069E00F7C64451ADFC51ED /* AudioToolbox.framework */,
			);
			name = Frameworks;
			sourceTree = "<group>";
		};
		301BF52E109A57CC0062928A /* Products */ = {
			isa = PBXGroup;
			children = (
				301BF535109A57CC0062928A /* libCordova.a */,
			);
			name = Products;
			sourceTree = "<group>";
		};
		307C750510C5A3420062BCA9 /* Plugins */ = {
			isa = PBXGroup;
			children = (
				C4746C3BE6B74FB896258696 /* GoogleAnalyticsPlugin.m */,
				02FA612CA91C44A2B6A1A6D6 /* GAI.h */,
				B4B82C845E8E44C88E46CB98 /* GAIDictionaryBuilder.h */,
				DD61F82A4E1D4A38A8B33D0E /* GAIFields.h */,
				24C90B760DBA4F5BA70A3856 /* GAILogger.h */,
				6E9EEFA9028E4C04B1D185E3 /* GAITrackedViewController.h */,
				AA82F7C3D0094460896A1073 /* GAITracker.h */,
				5C7A1617CF73439EA5C851FD /* GoogleAnalyticsPlugin.h */,
				B65388374252493E91BA82B6 /* CDVDevice.m */,
				338928D798AD4A0F87270052 /* CDVDevice.h */,
				2C288C3B20294DB1A50D5CDD /* APPLocalNotification.m */,
				180AD028DC5940BB8C2EBBB6 /* APPLocalNotification.h */,
				4A7247F78513453DA57E9868 /* CDVLogger.m */,
				9198A85055D845A19DC62711 /* CDVLogger.h */,
				6767F38461A94B959F38E32A /* CDVNotification.m */,
				611B2B278D5046D5BCB4654A /* CDVNotification.h */,
				9D6A250D813B46D7BBB237AD /* CDVConnection.m */,
				99DAEE4661644E7DB30770C3 /* CDVReachability.m */,
				C25511046F09492291C0181C /* CDVConnection.h */,
				20B77B857B154298A7081F5D /* CDVReachability.h */,
				7B7EAD928C9C450E80607C59 /* CDVVibration.m */,
				3DEF77C15088442D8E35EC52 /* CDVVibration.h */,
			);
			name = Plugins;
			path = Femiapp/Plugins;
			sourceTree = SOURCE_ROOT;
		};
		308D052D1370CCF300D202BF /* icons */ = {
			isa = PBXGroup;
			children = (
				6316E55F1BAA4E6800D16BF4 /* icon-40.png */,
				6316E5601BAA4E6800D16BF4 /* icon-40@2x.png */,
				6316E5611BAA4E6800D16BF4 /* icon-40@3x.png */,
				6316E5621BAA4E6800D16BF4 /* icon-50.png */,
				6316E5631BAA4E6800D16BF4 /* icon-50@2x.png */,
				6316E5651BAA4E6800D16BF4 /* icon-60.png */,
				6316E5661BAA4E6800D16BF4 /* icon-60@2x.png */,
				6316E5671BAA4E6800D16BF4 /* icon-60@3x.png */,
				6316E5681BAA4E6800D16BF4 /* icon-72.png */,
				6316E5691BAA4E6800D16BF4 /* icon-72@2x.png */,
				6316E56A1BAA4E6800D16BF4 /* icon-76.png */,
				6316E56B1BAA4E6800D16BF4 /* icon-76@2x.png */,
				6316E56C1BAA4E6800D16BF4 /* icon-Small.png */,
				6316E56D1BAA4E6800D16BF4 /* icon-Small@2x.png */,
				6316E56E1BAA4E6800D16BF4 /* icon-Small@3x.png */,
				6316E56F1BAA4E6800D16BF4 /* icon.png */,
				6316E5701BAA4E6800D16BF4 /* icon@2x.png */,
			);
			path = icons;
			sourceTree = "<group>";
		};
		308D05311370CCF300D202BF /* splash */ = {
			isa = PBXGroup;
			children = (
				30B4F2FD19D5E07200D9F7D8 /* Default-667h.png */,
				30B4F2FE19D5E07200D9F7D8 /* Default-736h.png */,
				30B4F2FF19D5E07200D9F7D8 /* Default-Landscape-736h.png */,
				D4A0D8751607E02300AEF8BB /* Default-568h@2x~iphone.png */,
				3088BBB7154F3926009F9C59 /* Default-Landscape@2x~ipad.png */,
				3088BBB8154F3926009F9C59 /* Default-Landscape~ipad.png */,
				3088BBB9154F3926009F9C59 /* Default-Portrait@2x~ipad.png */,
				3088BBBA154F3926009F9C59 /* Default-Portrait~ipad.png */,
				3088BBBB154F3926009F9C59 /* Default@2x~iphone.png */,
				3088BBBC154F3926009F9C59 /* Default~iphone.png */,
			);
			path = splash;
			sourceTree = "<group>";
		};
		EB87FDF11871DA420020F90C /* Staging */ = {
			isa = PBXGroup;
			children = (
				F840E1F0165FE0F500CFE078 /* config.xml */,
				301BF56E109A69640062928A /* www */,
			);
			name = Staging;
			sourceTree = "<group>";
		};
/* End PBXGroup section */

/* Begin PBXNativeTarget section */
		1D6058900D05DD3D006BFB54 /* Femiapp */ = {
			isa = PBXNativeTarget;
			buildConfigurationList = 1D6058960D05DD3E006BFB54 /* Build configuration list for PBXNativeTarget "Femiapp" */;
			buildPhases = (
				304B58A110DAC018002A0835 /* Copy www directory */,
				1D60588D0D05DD3D006BFB54 /* Resources */,
				1D60588E0D05DD3D006BFB54 /* Sources */,
				1D60588F0D05DD3D006BFB54 /* Frameworks */,
			);
			buildRules = (
			);
			dependencies = (
				301BF551109A68C00062928A /* PBXTargetDependency */,
			);
			name = Femiapp;
			productName = Femiapp;
			productReference = 1D6058910D05DD3D006BFB54 /* Femiapp.app */;
			productType = "com.apple.product-type.application";
		};
/* End PBXNativeTarget section */

/* Begin PBXProject section */
		29B97313FDCFA39411CA2CEA /* Project object */ = {
			isa = PBXProject;
			attributes = {
				LastUpgradeCheck = 510;
				TargetAttributes = {
					1D6058900D05DD3D006BFB54 = {
						DevelopmentTeam = FZRJC7SK3C;
					};
				};
			};
			buildConfigurationList = C01FCF4E08A954540054247B /* Build configuration list for PBXProject "Femiapp" */;
			compatibilityVersion = "Xcode 3.2";
			developmentRegion = English;
			hasScannedForEncodings = 1;
			knownRegions = (
				English,
				Japanese,
				French,
				German,
				en,
				es,
				de,
				se,
			);
			mainGroup = 29B97314FDCFA39411CA2CEA /* CustomTemplate */;
			projectDirPath = "";
			projectReferences = (
				{
					ProductGroup = 301BF52E109A57CC0062928A /* Products */;
					ProjectRef = 301BF52D109A57CC0062928A /* CordovaLib.xcodeproj */;
				},
			);
			projectRoot = "";
			targets = (
				1D6058900D05DD3D006BFB54 /* Femiapp */,
			);
		};
/* End PBXProject section */

/* Begin PBXReferenceProxy section */
		301BF535109A57CC0062928A /* libCordova.a */ = {
			isa = PBXReferenceProxy;
			fileType = archive.ar;
			path = libCordova.a;
			remoteRef = 301BF534109A57CC0062928A /* PBXContainerItemProxy */;
			sourceTree = BUILT_PRODUCTS_DIR;
		};
/* End PBXReferenceProxy section */

/* Begin PBXResourcesBuildPhase section */
		1D60588D0D05DD3D006BFB54 /* Resources */ = {
			isa = PBXResourcesBuildPhase;
			buildActionMask = 2147483647;
			files = (
				30B4F30119D5E07200D9F7D8 /* Default-736h.png in Resources */,
				6316E57A1BAA4E6800D16BF4 /* icon-72.png in Resources */,
				302D95F214D2391D003F00A1 /* MainViewController.xib in Resources */,
				3088BBBD154F3926009F9C59 /* Default-Landscape@2x~ipad.png in Resources */,
				6316E57D1BAA4E6800D16BF4 /* icon-76@2x.png in Resources */,
				6316E55E1BAA4C4A00D16BF4 /* Images.xcassets in Resources */,
				6316E5751BAA4E6800D16BF4 /* icon-50@2x.png in Resources */,
				3088BBBE154F3926009F9C59 /* Default-Landscape~ipad.png in Resources */,
				3088BBBF154F3926009F9C59 /* Default-Portrait@2x~ipad.png in Resources */,
				6316E5741BAA4E6800D16BF4 /* icon-50.png in Resources */,
				6316E5821BAA4E6800D16BF4 /* icon@2x.png in Resources */,
				6316E5731BAA4E6800D16BF4 /* icon-40@3x.png in Resources */,
				6316E57B1BAA4E6800D16BF4 /* icon-72@2x.png in Resources */,
				6316E57C1BAA4E6800D16BF4 /* icon-76.png in Resources */,
				6316E57F1BAA4E6800D16BF4 /* icon-Small@2x.png in Resources */,
				6316E5781BAA4E6800D16BF4 /* icon-60@2x.png in Resources */,
				6316E5711BAA4E6800D16BF4 /* icon-40.png in Resources */,
				3088BBC0154F3926009F9C59 /* Default-Portrait~ipad.png in Resources */,
				30B4F30019D5E07200D9F7D8 /* Default-667h.png in Resources */,
				3088BBC1154F3926009F9C59 /* Default@2x~iphone.png in Resources */,
				6316E5771BAA4E6800D16BF4 /* icon-60.png in Resources */,
				3088BBC2154F3926009F9C59 /* Default~iphone.png in Resources */,
				D4A0D8761607E02300AEF8BB /* Default-568h@2x~iphone.png in Resources */,
				6316E5791BAA4E6800D16BF4 /* icon-60@3x.png in Resources */,
				6316E5801BAA4E6800D16BF4 /* icon-Small@3x.png in Resources */,
				30B4F30219D5E07200D9F7D8 /* Default-Landscape-736h.png in Resources */,
				6316E5811BAA4E6800D16BF4 /* icon.png in Resources */,
				E3AE3587A6DC4E3EABDFFA48 /* CDVNotification.bundle in Resources */,
				6316E57E1BAA4E6800D16BF4 /* icon-Small.png in Resources */,
				6316E5721BAA4E6800D16BF4 /* icon-40@2x.png in Resources */,
			);
			runOnlyForDeploymentPostprocessing = 0;
		};
/* End PBXResourcesBuildPhase section */

/* Begin PBXShellScriptBuildPhase section */
		304B58A110DAC018002A0835 /* Copy www directory */ = {
			isa = PBXShellScriptBuildPhase;
			buildActionMask = 2147483647;
			files = (
			);
			inputPaths = (
			);
			name = "Copy www directory";
			outputPaths = (
			);
			runOnlyForDeploymentPostprocessing = 0;
			shellPath = /bin/sh;
			shellScript = "cordova/lib/copy-www-build-step.sh";
			showEnvVarsInLog = 0;
		};
/* End PBXShellScriptBuildPhase section */

/* Begin PBXSourcesBuildPhase section */
		1D60588E0D05DD3D006BFB54 /* Sources */ = {
			isa = PBXSourcesBuildPhase;
			buildActionMask = 2147483647;
			files = (
				1D60589B0D05DD56006BFB54 /* main.m in Sources */,
				1D3623260D0F684500981E51 /* AppDelegate.m in Sources */,
				302D95F114D2391D003F00A1 /* MainViewController.m in Sources */,
				2FF9B84BC70546BDBE034FE3 /* GoogleAnalyticsPlugin.m in Sources */,
				34DF9AC253FD46E9BB61047D /* CDVDevice.m in Sources */,
				F5B4C006A47E4AEE99046465 /* APPLocalNotification.m in Sources */,
				079BF32033824A83B2C36775 /* CDVLogger.m in Sources */,
				4A306F23AB2A4F34B6A1401F /* CDVNotification.m in Sources */,
				26D8EAC9B22F4F839843E368 /* CDVConnection.m in Sources */,
				0282D2EB24C34EE082AAA472 /* CDVReachability.m in Sources */,
				37B026086F0F48C995D756D4 /* CDVVibration.m in Sources */,
			);
			runOnlyForDeploymentPostprocessing = 0;
		};
/* End PBXSourcesBuildPhase section */

/* Begin PBXTargetDependency section */
		301BF551109A68C00062928A /* PBXTargetDependency */ = {
			isa = PBXTargetDependency;
			name = CordovaLib;
			targetProxy = 301BF550109A68C00062928A /* PBXContainerItemProxy */;
		};
/* End PBXTargetDependency section */

/* Begin XCBuildConfiguration section */
		1D6058940D05DD3E006BFB54 /* Debug */ = {
			isa = XCBuildConfiguration;
			buildSettings = {
				ALWAYS_SEARCH_USER_PATHS = NO;
				ASSETCATALOG_COMPILER_APPICON_NAME = AppIcon;
				ASSETCATALOG_COMPILER_LAUNCHIMAGE_NAME = LaunchImage;
				CLANG_ENABLE_OBJC_ARC = YES;
				CODE_SIGN_IDENTITY = "iPhone Developer";
				COPY_PHASE_STRIP = NO;
				GCC_DYNAMIC_NO_PIC = NO;
				GCC_OPTIMIZATION_LEVEL = 0;
				GCC_PRECOMPILE_PREFIX_HEADER = YES;
				GCC_PREFIX_HEADER = "Femiapp/Femiapp-Prefix.pch";
				GCC_THUMB_SUPPORT = NO;
				GCC_VERSION = "";
				INFOPLIST_FILE = "Femiapp/Femiapp-Info.plist";
				IPHONEOS_DEPLOYMENT_TARGET = 6.0;
				LIBRARY_SEARCH_PATHS = (
					"$(inherited)",
					"\"$(SRCROOT)/Femiapp/Plugins/com.cmackay.plugins.googleanalytics\"",
				);
				OTHER_LDFLAGS = (
					"-weak_framework",
					CoreFoundation,
					"-weak_framework",
					UIKit,
					"-weak_framework",
					AVFoundation,
					"-weak_framework",
					CoreMedia,
					"-weak-lSystem",
					"-ObjC",
				);
				PRODUCT_NAME = Femiapp;
				TARGETED_DEVICE_FAMILY = "1,2";
			};
			name = Debug;
		};
		1D6058950D05DD3E006BFB54 /* Release */ = {
			isa = XCBuildConfiguration;
			buildSettings = {
				ALWAYS_SEARCH_USER_PATHS = NO;
				ASSETCATALOG_COMPILER_APPICON_NAME = AppIcon;
				ASSETCATALOG_COMPILER_LAUNCHIMAGE_NAME = LaunchImage;
				CLANG_ENABLE_OBJC_ARC = YES;
				CODE_SIGN_IDENTITY = "iPhone Developer";
				COPY_PHASE_STRIP = YES;
				GCC_PRECOMPILE_PREFIX_HEADER = YES;
				GCC_PREFIX_HEADER = "Femiapp/Femiapp-Prefix.pch";
				GCC_THUMB_SUPPORT = NO;
				GCC_VERSION = "";
				INFOPLIST_FILE = "Femiapp/Femiapp-Info.plist";
				IPHONEOS_DEPLOYMENT_TARGET = 6.0;
				LIBRARY_SEARCH_PATHS = (
					"$(inherited)",
					"\"$(SRCROOT)/Femiapp/Plugins/com.cmackay.plugins.googleanalytics\"",
				);
				OTHER_LDFLAGS = (
					"-weak_framework",
					CoreFoundation,
					"-weak_framework",
					UIKit,
					"-weak_framework",
					AVFoundation,
					"-weak_framework",
					CoreMedia,
					"-weak-lSystem",
					"-ObjC",
				);
				PRODUCT_NAME = Femiapp;
				TARGETED_DEVICE_FAMILY = "1,2";
			};
			name = Release;
		};
		C01FCF4F08A954540054247B /* Debug */ = {
			isa = XCBuildConfiguration;
			buildSettings = {
				CLANG_ENABLE_OBJC_ARC = YES;
				CLANG_WARN_BOOL_CONVERSION = YES;
				CLANG_WARN_CONSTANT_CONVERSION = YES;
				CLANG_WARN_EMPTY_BODY = YES;
				CLANG_WARN_ENUM_CONVERSION = YES;
				CLANG_WARN_INT_CONVERSION = YES;
				CLANG_WARN__DUPLICATE_METHOD_MATCH = YES;
				"CODE_SIGN_IDENTITY[sdk=iphoneos*]" = "iPhone Developer";
				GCC_C_LANGUAGE_STANDARD = c99;
				GCC_THUMB_SUPPORT = NO;
				GCC_VERSION = "";
				GCC_WARN_ABOUT_RETURN_TYPE = YES;
				GCC_WARN_UNDECLARED_SELECTOR = YES;
				GCC_WARN_UNINITIALIZED_AUTOS = YES;
				GCC_WARN_UNUSED_FUNCTION = YES;
				GCC_WARN_UNUSED_VARIABLE = YES;
				HEADER_SEARCH_PATHS = (
					"\"$(TARGET_BUILD_DIR)/usr/local/lib/include\"",
					"\"$(OBJROOT)/UninstalledProducts/include\"",
					"\"$(BUILT_PRODUCTS_DIR)\"",
				);
				IPHONEOS_DEPLOYMENT_TARGET = 6.0;
				ONLY_ACTIVE_ARCH = YES;
				OTHER_LDFLAGS = (
					"-weak_framework",
					CoreFoundation,
					"-weak_framework",
					UIKit,
					"-weak_framework",
					AVFoundation,
					"-weak_framework",
					CoreMedia,
					"-weak-lSystem",
					"-ObjC",
				);
				SDKROOT = iphoneos;
				SKIP_INSTALL = NO;
				USER_HEADER_SEARCH_PATHS = "";
			};
			name = Debug;
		};
		C01FCF5008A954540054247B /* Release */ = {
			isa = XCBuildConfiguration;
			buildSettings = {
				CLANG_ENABLE_OBJC_ARC = YES;
				CLANG_WARN_BOOL_CONVERSION = YES;
				CLANG_WARN_CONSTANT_CONVERSION = YES;
				CLANG_WARN_EMPTY_BODY = YES;
				CLANG_WARN_ENUM_CONVERSION = YES;
				CLANG_WARN_INT_CONVERSION = YES;
				CLANG_WARN__DUPLICATE_METHOD_MATCH = YES;
				"CODE_SIGN_IDENTITY[sdk=iphoneos*]" = "iPhone Developer";
				GCC_C_LANGUAGE_STANDARD = c99;
				GCC_THUMB_SUPPORT = NO;
				GCC_VERSION = "";
				GCC_WARN_ABOUT_RETURN_TYPE = YES;
				GCC_WARN_UNDECLARED_SELECTOR = YES;
				GCC_WARN_UNINITIALIZED_AUTOS = YES;
				GCC_WARN_UNUSED_FUNCTION = YES;
				GCC_WARN_UNUSED_VARIABLE = YES;
				HEADER_SEARCH_PATHS = (
					"\"$(TARGET_BUILD_DIR)/usr/local/lib/include\"",
					"\"$(OBJROOT)/UninstalledProducts/include\"",
					"\"$(BUILT_PRODUCTS_DIR)\"",
				);
				IPHONEOS_DEPLOYMENT_TARGET = 6.0;
				OTHER_LDFLAGS = (
					"-weak_framework",
					CoreFoundation,
					"-weak_framework",
					UIKit,
					"-weak_framework",
					AVFoundation,
					"-weak_framework",
					CoreMedia,
					"-weak-lSystem",
					"-ObjC",
				);
				SDKROOT = iphoneos;
				SKIP_INSTALL = NO;
				USER_HEADER_SEARCH_PATHS = "";
			};
			name = Release;
		};
/* End XCBuildConfiguration section */

/* Begin XCConfigurationList section */
		1D6058960D05DD3E006BFB54 /* Build configuration list for PBXNativeTarget "Femiapp" */ = {
			isa = XCConfigurationList;
			buildConfigurations = (
				1D6058940D05DD3E006BFB54 /* Debug */,
				1D6058950D05DD3E006BFB54 /* Release */,
			);
			defaultConfigurationIsVisible = 0;
			defaultConfigurationName = Release;
		};
		C01FCF4E08A954540054247B /* Build configuration list for PBXProject "Femiapp" */ = {
			isa = XCConfigurationList;
			buildConfigurations = (
				C01FCF4F08A954540054247B /* Debug */,
				C01FCF5008A954540054247B /* Release */,
			);
			defaultConfigurationIsVisible = 0;
			defaultConfigurationName = Release;
		};
/* End XCConfigurationList section */
	};
	rootObject = 29B97313FDCFA39411CA2CEA /* Project object */;
}
